
Microsoft Visual Studio Solution File, Format Version 12.00
# Visual Studio Version 18
VisualStudioVersion = 18.0.11222.15 d18.0
MinimumVisualStudioVersion = 10.0.40219.1
Project("{13B669BE-BB05-4DDF-9536-439F39A36129}") = "ComercialSF.CloudConsole", "ComercialSF.CloudConsole.vbproj", "{1F3DE8A9-D6A5-F50A-4C7C-157FC11D3D33}"
EndProject
Global
	GlobalSection(SolutionConfigurationPlatforms) = preSolution
		Debug|Any CPU = Debug|Any CPU
		Release|Any CPU = Release|Any CPU
	EndGlobalSection
	GlobalSection(ProjectConfigurationPlatforms) = postSolution
		{1F3DE8A9-D6A5-F50A-4C7C-157FC11D3D33}.Debug|Any CPU.ActiveCfg = Debug|Any CPU
		{1F3DE8A9-D6A5-F50A-4C7C-157FC11D3D33}.Debug|Any CPU.Build.0 = Debug|Any CPU
		{1F3DE8A9-D6A5-F50A-4C7C-157FC11D3D33}.Release|Any CPU.ActiveCfg = Release|Any CPU
		{1F3DE8A9-D6A5-F50A-4C7C-157FC11D3D33}.Release|Any CPU.Build.0 = Release|Any CPU
	EndGlobalSection
	GlobalSection(SolutionProperties) = preSolution
		HideSolutionNode = FALSE
	EndGlobalSection
	GlobalSection(ExtensibilityGlobals) = postSolution
		SolutionGuid = {02ED48E9-6FD2-42EC-9785-CFF57A54A893}
	EndGlobalSection
EndGlobal
